
Microsoft Visual Studio Solution File, Format Version 12.00
# Visual Studio Version 16
VisualStudioVersion = 16.0.28803.156
MinimumVisualStudioVersion = 10.0.40219.1
Project("{8BC9CEB8-8B4A-11D0-8D11-00A0C91BC942}") = "LabWork11", "LabWork11\LabWork11.vcxproj", "{CE68881C-A12E-4CF4-A37E-C4324C0D146A}"
EndProject
Global
	GlobalSection(SolutionConfigurationPlatforms) = preSolution
		Debug|x64 = Debug|x64
		Debug|x86 = Debug|x86
		Release|x64 = Release|x64
		Release|x86 = Release|x86
	EndGlobalSection
	GlobalSection(ProjectConfigurationPlatforms) = postSolution
		{CE68881C-A12E-4CF4-A37E-C4324C0D146A}.Debug|x64.ActiveCfg = Debug|x64
		{CE68881C-A12E-4CF4-A37E-C4324C0D146A}.Debug|x64.Build.0 = Debug|x64
		{CE68881C-A12E-4CF4-A37E-C4324C0D146A}.Debug|x86.ActiveCfg = Debug|Win32
		{CE68881C-A12E-4CF4-A37E-C4324C0D146A}.Debug|x86.Build.0 = Debug|Win32
		{CE68881C-A12E-4CF4-A37E-C4324C0D146A}.Release|x64.ActiveCfg = Release|x64
		{CE68881C-A12E-4CF4-A37E-C4324C0D146A}.Release|x64.Build.0 = Release|x64
		{CE68881C-A12E-4CF4-A37E-C4324C0D146A}.Release|x86.ActiveCfg = Release|Win32
		{CE68881C-A12E-4CF4-A37E-C4324C0D146A}.Release|x86.Build.0 = Release|Win32
	EndGlobalSection
	GlobalSection(SolutionProperties) = preSolution
		HideSolutionNode = FALSE
	EndGlobalSection
	GlobalSection(ExtensibilityGlobals) = postSolution
		SolutionGuid = {E07CC9E8-1781-47B8-AA69-180A89F375C4}
	EndGlobalSection
EndGlobal
