
Microsoft Visual Studio Solution File, Format Version 12.00
# Visual Studio Version 16
VisualStudioVersion = 16.0.28803.452
MinimumVisualStudioVersion = 10.0.40219.1
Project("{8BC9CEB8-8B4A-11D0-8D11-00A0C91BC942}") = "Castle(11_4)", "Castle(11_4)\Castle(11_4).vcxproj", "{D184F004-FEB5-4577-9D09-4EFFEDDAE26F}"
EndProject
Global
	GlobalSection(SolutionConfigurationPlatforms) = preSolution
		Debug|x64 = Debug|x64
		Debug|x86 = Debug|x86
		Release|x64 = Release|x64
		Release|x86 = Release|x86
	EndGlobalSection
	GlobalSection(ProjectConfigurationPlatforms) = postSolution
		{D184F004-FEB5-4577-9D09-4EFFEDDAE26F}.Debug|x64.ActiveCfg = Debug|x64
		{D184F004-FEB5-4577-9D09-4EFFEDDAE26F}.Debug|x64.Build.0 = Debug|x64
		{D184F004-FEB5-4577-9D09-4EFFEDDAE26F}.Debug|x86.ActiveCfg = Debug|Win32
		{D184F004-FEB5-4577-9D09-4EFFEDDAE26F}.Debug|x86.Build.0 = Debug|Win32
		{D184F004-FEB5-4577-9D09-4EFFEDDAE26F}.Release|x64.ActiveCfg = Release|x64
		{D184F004-FEB5-4577-9D09-4EFFEDDAE26F}.Release|x64.Build.0 = Release|x64
		{D184F004-FEB5-4577-9D09-4EFFEDDAE26F}.Release|x86.ActiveCfg = Release|Win32
		{D184F004-FEB5-4577-9D09-4EFFEDDAE26F}.Release|x86.Build.0 = Release|Win32
	EndGlobalSection
	GlobalSection(SolutionProperties) = preSolution
		HideSolutionNode = FALSE
	EndGlobalSection
	GlobalSection(ExtensibilityGlobals) = postSolution
		SolutionGuid = {2F04AE4D-F7E4-4271-8BC9-062ED3DA516B}
	EndGlobalSection
EndGlobal
