
Microsoft Visual Studio Solution File, Format Version 12.00
# Visual Studio Version 16
VisualStudioVersion = 16.0.28803.156
MinimumVisualStudioVersion = 10.0.40219.1
Project("{8BC9CEB8-8B4A-11D0-8D11-00A0C91BC942}") = "LabWork16", "LabWork16\LabWork16.vcxproj", "{A7350EFC-935E-45C3-858B-5C028678EDC6}"
EndProject
Global
	GlobalSection(SolutionConfigurationPlatforms) = preSolution
		Debug|x64 = Debug|x64
		Debug|x86 = Debug|x86
		Release|x64 = Release|x64
		Release|x86 = Release|x86
	EndGlobalSection
	GlobalSection(ProjectConfigurationPlatforms) = postSolution
		{A7350EFC-935E-45C3-858B-5C028678EDC6}.Debug|x64.ActiveCfg = Debug|x64
		{A7350EFC-935E-45C3-858B-5C028678EDC6}.Debug|x64.Build.0 = Debug|x64
		{A7350EFC-935E-45C3-858B-5C028678EDC6}.Debug|x86.ActiveCfg = Debug|Win32
		{A7350EFC-935E-45C3-858B-5C028678EDC6}.Debug|x86.Build.0 = Debug|Win32
		{A7350EFC-935E-45C3-858B-5C028678EDC6}.Release|x64.ActiveCfg = Release|x64
		{A7350EFC-935E-45C3-858B-5C028678EDC6}.Release|x64.Build.0 = Release|x64
		{A7350EFC-935E-45C3-858B-5C028678EDC6}.Release|x86.ActiveCfg = Release|Win32
		{A7350EFC-935E-45C3-858B-5C028678EDC6}.Release|x86.Build.0 = Release|Win32
	EndGlobalSection
	GlobalSection(SolutionProperties) = preSolution
		HideSolutionNode = FALSE
	EndGlobalSection
	GlobalSection(ExtensibilityGlobals) = postSolution
		SolutionGuid = {F7313F8C-F535-4517-AEAC-CA716B641996}
	EndGlobalSection
EndGlobal
